
Microsoft Visual Studio Solution File, Format Version 12.00
# Visual Studio Version 16
VisualStudioVersion = 16.0.33214.272
MinimumVisualStudioVersion = 10.0.40219.1
Project("{FAE04EC0-301F-11D3-BF4B-00C04F79EFBC}") = "SOMA_10_15", "SOMA_10_15.csproj", "{D1031138-737E-43D9-BABF-3F39909A40E5}"
EndProject
Global
	GlobalSection(SolutionConfigurationPlatforms) = preSolution
		Debug|Any CPU = Debug|Any CPU
		Release|Any CPU = Release|Any CPU
	EndGlobalSection
	GlobalSection(ProjectConfigurationPlatforms) = postSolution
		{D1031138-737E-43D9-BABF-3F39909A40E5}.Debug|Any CPU.ActiveCfg = Debug|Any CPU
		{D1031138-737E-43D9-BABF-3F39909A40E5}.Debug|Any CPU.Build.0 = Debug|Any CPU
		{D1031138-737E-43D9-BABF-3F39909A40E5}.Release|Any CPU.ActiveCfg = Release|Any CPU
		{D1031138-737E-43D9-BABF-3F39909A40E5}.Release|Any CPU.Build.0 = Release|Any CPU
	EndGlobalSection
	GlobalSection(SolutionProperties) = preSolution
		HideSolutionNode = FALSE
	EndGlobalSection
	GlobalSection(ExtensibilityGlobals) = postSolution
		SolutionGuid = {B30C3B1F-C21A-475E-AE8A-C37B4B5B67C9}
	EndGlobalSection
EndGlobal
